// !$*UTF8*$!
{
	archiveVersion = 1;
	classes = {
	};
	objectVersion = 77;
	objects = {

/* Begin PBXBuildFile section */
		27507C0D2DA061FF0001CFBF /* WidgetKit.framework in Frameworks */ = {isa = PBXBuildFile; fileRef = 27507C0C2DA061FF0001CFBF /* WidgetKit.framework */; };
		27507C0F2DA061FF0001CFBF /* SwiftUI.framework in Frameworks */ = {isa = PBXBuildFile; fileRef = 27507C0E2DA061FF0001CFBF /* SwiftUI.framework */; };
		27507C202DA062000001CFBF /* Water widgetExtension.appex in Embed Foundation Extensions */ = {isa = PBXBuildFile; fileRef = 27507C0A2DA061FF0001CFBF /* Water widgetExtension.appex */; settings = {ATTRIBUTES = (RemoveHeadersOnCopy, ); }; };
/* End PBXBuildFile section */

/* Begin PBXContainerItemProxy section */
		27507BEA2DA05EDD0001CFBF /* PBXContainerItemProxy */ = {
			isa = PBXContainerItemProxy;
			containerPortal = 27507BD12DA05EDC0001CFBF /* Project object */;
			proxyType = 1;
			remoteGlobalIDString = 27507BD82DA05EDC0001CFBF;
			remoteInfo = waterintakeapp;
		};
		27507BF42DA05EDD0001CFBF /* PBXContainerItemProxy */ = {
			isa = PBXContainerItemProxy;
			containerPortal = 27507BD12DA05EDC0001CFBF /* Project object */;
			proxyType = 1;
			remoteGlobalIDString = 27507BD82DA05EDC0001CFBF;
			remoteInfo = waterintakeapp;
		};
		27507C1E2DA062000001CFBF /* PBXContainerItemProxy */ = {
			isa = PBXContainerItemProxy;
			containerPortal = 27507BD12DA05EDC0001CFBF /* Project object */;
			proxyType = 1;
			remoteGlobalIDString = 27507C092DA061FF0001CFBF;
			remoteInfo = "Water widgetExtension";
		};
/* End PBXContainerItemProxy section */

/* Begin PBXCopyFilesBuildPhase section */
		27507C252DA062000001CFBF /* Embed Foundation Extensions */ = {
			isa = PBXCopyFilesBuildPhase;
			buildActionMask = 2147483647;
			dstPath = "";
			dstSubfolderSpec = 13;
			files = (
				27507C202DA062000001CFBF /* Water widgetExtension.appex in Embed Foundation Extensions */,
			);
			name = "Embed Foundation Extensions";
			runOnlyForDeploymentPostprocessing = 0;
		};
/* End PBXCopyFilesBuildPhase section */

/* Begin PBXFileReference section */
		27507BD92DA05EDC0001CFBF /* waterintakeapp.app */ = {isa = PBXFileReference; explicitFileType = wrapper.application; includeInIndex = 0; path = waterintakeapp.app; sourceTree = BUILT_PRODUCTS_DIR; };
		27507BE92DA05EDD0001CFBF /* waterintakeappTests.xctest */ = {isa = PBXFileReference; explicitFileType = wrapper.cfbundle; includeInIndex = 0; path = waterintakeappTests.xctest; sourceTree = BUILT_PRODUCTS_DIR; };
		27507BF32DA05EDD0001CFBF /* waterintakeappUITests.xctest */ = {isa = PBXFileReference; explicitFileType = wrapper.cfbundle; includeInIndex = 0; path = waterintakeappUITests.xctest; sourceTree = BUILT_PRODUCTS_DIR; };
		27507C0A2DA061FF0001CFBF /* Water widgetExtension.appex */ = {isa = PBXFileReference; explicitFileType = "wrapper.app-extension"; includeInIndex = 0; path = "Water widgetExtension.appex"; sourceTree = BUILT_PRODUCTS_DIR; };
		27507C0C2DA061FF0001CFBF /* WidgetKit.framework */ = {isa = PBXFileReference; lastKnownFileType = wrapper.framework; name = WidgetKit.framework; path = System/Library/Frameworks/WidgetKit.framework; sourceTree = SDKROOT; };
		27507C0E2DA061FF0001CFBF /* SwiftUI.framework */ = {isa = PBXFileReference; lastKnownFileType = wrapper.framework; name = SwiftUI.framework; path = System/Library/Frameworks/SwiftUI.framework; sourceTree = SDKROOT; };
/* End PBXFileReference section */

/* Begin PBXFileSystemSynchronizedBuildFileExceptionSet section */
		27507C212DA062000001CFBF /* Exceptions for "Water widget" folder in "Water widgetExtension" target */ = {
			isa = PBXFileSystemSynchronizedBuildFileExceptionSet;
			membershipExceptions = (
				Info.plist,
			);
			target = 27507C092DA061FF0001CFBF /* Water widgetExtension */;
		};
/* End PBXFileSystemSynchronizedBuildFileExceptionSet section */

/* Begin PBXFileSystemSynchronizedRootGroup section */
		27507BDB2DA05EDC0001CFBF /* waterintakeapp */ = {
			isa = PBXFileSystemSynchronizedRootGroup;
			path = waterintakeapp;
			sourceTree = "<group>";
		};
		27507BEC2DA05EDD0001CFBF /* waterintakeappTests */ = {
			isa = PBXFileSystemSynchronizedRootGroup;
			path = waterintakeappTests;
			sourceTree = "<group>";
		};
		27507BF62DA05EDD0001CFBF /* waterintakeappUITests */ = {
			isa = PBXFileSystemSynchronizedRootGroup;
			path = waterintakeappUITests;
			sourceTree = "<group>";
		};
		27507C102DA061FF0001CFBF /* Water widget */ = {
			isa = PBXFileSystemSynchronizedRootGroup;
			exceptions = (
				27507C212DA062000001CFBF /* Exceptions for "Water widget" folder in "Water widgetExtension" target */,
			);
			path = "Water widget";
			sourceTree = "<group>";
		};
/* End PBXFileSystemSynchronizedRootGroup section */

/* Begin PBXFrameworksBuildPhase section */
		27507BD62DA05EDC0001CFBF /* Frameworks */ = {
			isa = PBXFrameworksBuildPhase;
			buildActionMask = 2147483647;
			files = (
			);
			runOnlyForDeploymentPostprocessing = 0;
		};
		27507BE62DA05EDD0001CFBF /* Frameworks */ = {
			isa = PBXFrameworksBuildPhase;
			buildActionMask = 2147483647;
			files = (
			);
			runOnlyForDeploymentPostprocessing = 0;
		};
		27507BF02DA05EDD0001CFBF /* Frameworks */ = {
			isa = PBXFrameworksBuildPhase;
			buildActionMask = 2147483647;
			files = (
			);
			runOnlyForDeploymentPostprocessing = 0;
		};
		27507C072DA061FF0001CFBF /* Frameworks */ = {
			isa = PBXFrameworksBuildPhase;
			buildActionMask = 2147483647;
			files = (
				27507C0F2DA061FF0001CFBF /* SwiftUI.framework in Frameworks */,
				27507C0D2DA061FF0001CFBF /* WidgetKit.framework in Frameworks */,
			);
			runOnlyForDeploymentPostprocessing = 0;
		};
/* End PBXFrameworksBuildPhase section */

/* Begin PBXGroup section */
		27507BD02DA05EDC0001CFBF = {
			isa = PBXGroup;
			children = (
				27507BDB2DA05EDC0001CFBF /* waterintakeapp */,
				27507BEC2DA05EDD0001CFBF /* waterintakeappTests */,
				27507BF62DA05EDD0001CFBF /* waterintakeappUITests */,
				27507C102DA061FF0001CFBF /* Water widget */,
				27507C0B2DA061FF0001CFBF /* Frameworks */,
				27507BDA2DA05EDC0001CFBF /* Products */,
			);
			sourceTree = "<group>";
		};
		27507BDA2DA05EDC0001CFBF /* Products */ = {
			isa = PBXGroup;
			children = (
				27507BD92DA05EDC0001CFBF /* waterintakeapp.app */,
				27507BE92DA05EDD0001CFBF /* waterintakeappTests.xctest */,
				27507BF32DA05EDD0001CFBF /* waterintakeappUITests.xctest */,
				27507C0A2DA061FF0001CFBF /* Water widgetExtension.appex */,
			);
			name = Products;
			sourceTree = "<group>";
		};
		27507C0B2DA061FF0001CFBF /* Frameworks */ = {
			isa = PBXGroup;
			children = (
				27507C0C2DA061FF0001CFBF /* WidgetKit.framework */,
				27507C0E2DA061FF0001CFBF /* SwiftUI.framework */,
			);
			name = Frameworks;
			sourceTree = "<group>";
		};
/* End PBXGroup section */

/* Begin PBXNativeTarget section */
		27507BD82DA05EDC0001CFBF /* waterintakeapp */ = {
			isa = PBXNativeTarget;
			buildConfigurationList = 27507BFD2DA05EDD0001CFBF /* Build configuration list for PBXNativeTarget "waterintakeapp" */;
			buildPhases = (
				27507BD52DA05EDC0001CFBF /* Sources */,
				27507BD62DA05EDC0001CFBF /* Frameworks */,
				27507BD72DA05EDC0001CFBF /* Resources */,
				27507C252DA062000001CFBF /* Embed Foundation Extensions */,
			);
			buildRules = (
			);
			dependencies = (
				27507C1F2DA062000001CFBF /* PBXTargetDependency */,
			);
			fileSystemSynchronizedGroups = (
				27507BDB2DA05EDC0001CFBF /* waterintakeapp */,
			);
			name = waterintakeapp;
			packageProductDependencies = (
			);
			productName = waterintakeapp;
			productReference = 27507BD92DA05EDC0001CFBF /* waterintakeapp.app */;
			productType = "com.apple.product-type.application";
		};
		27507BE82DA05EDD0001CFBF /* waterintakeappTests */ = {
			isa = PBXNativeTarget;
			buildConfigurationList = 27507C002DA05EDD0001CFBF /* Build configuration list for PBXNativeTarget "waterintakeappTests" */;
			buildPhases = (
				27507BE52DA05EDD0001CFBF /* Sources */,
				27507BE62DA05EDD0001CFBF /* Frameworks */,
				27507BE72DA05EDD0001CFBF /* Resources */,
			);
			buildRules = (
			);
			dependencies = (
				27507BEB2DA05EDD0001CFBF /* PBXTargetDependency */,
			);
			fileSystemSynchronizedGroups = (
				27507BEC2DA05EDD0001CFBF /* waterintakeappTests */,
			);
			name = waterintakeappTests;
			packageProductDependencies = (
			);
			productName = waterintakeappTests;
			productReference = 27507BE92DA05EDD0001CFBF /* waterintakeappTests.xctest */;
			productType = "com.apple.product-type.bundle.unit-test";
		};
		27507BF22DA05EDD0001CFBF /* waterintakeappUITests */ = {
			isa = PBXNativeTarget;
			buildConfigurationList = 27507C032DA05EDD0001CFBF /* Build configuration list for PBXNativeTarget "waterintakeappUITests" */;
			buildPhases = (
				27507BEF2DA05EDD0001CFBF /* Sources */,
				27507BF02DA05EDD0001CFBF /* Frameworks */,
				27507BF12DA05EDD0001CFBF /* Resources */,
			);
			buildRules = (
			);
			dependencies = (
				27507BF52DA05EDD0001CFBF /* PBXTargetDependency */,
			);
			fileSystemSynchronizedGroups = (
				27507BF62DA05EDD0001CFBF /* waterintakeappUITests */,
			);
			name = waterintakeappUITests;
			packageProductDependencies = (
			);
			productName = waterintakeappUITests;
			productReference = 27507BF32DA05EDD0001CFBF /* waterintakeappUITests.xctest */;
			productType = "com.apple.product-type.bundle.ui-testing";
		};
		27507C092DA061FF0001CFBF /* Water widgetExtension */ = {
			isa = PBXNativeTarget;
			buildConfigurationList = 27507C222DA062000001CFBF /* Build configuration list for PBXNativeTarget "Water widgetExtension" */;
			buildPhases = (
				27507C062DA061FF0001CFBF /* Sources */,
				27507C072DA061FF0001CFBF /* Frameworks */,
				27507C082DA061FF0001CFBF /* Resources */,
			);
			buildRules = (
			);
			dependencies = (
			);
			fileSystemSynchronizedGroups = (
				27507C102DA061FF0001CFBF /* Water widget */,
			);
			name = "Water widgetExtension";
			packageProductDependencies = (
			);
			productName = "Water widgetExtension";
			productReference = 27507C0A2DA061FF0001CFBF /* Water widgetExtension.appex */;
			productType = "com.apple.product-type.app-extension";
		};
/* End PBXNativeTarget section */

/* Begin PBXProject section */
		27507BD12DA05EDC0001CFBF /* Project object */ = {
			isa = PBXProject;
			attributes = {
				BuildIndependentTargetsInParallel = 1;
				LastSwiftUpdateCheck = 1620;
				LastUpgradeCheck = 1620;
				TargetAttributes = {
					27507BD82DA05EDC0001CFBF = {
						CreatedOnToolsVersion = 16.2;
					};
					27507BE82DA05EDD0001CFBF = {
						CreatedOnToolsVersion = 16.2;
						TestTargetID = 27507BD82DA05EDC0001CFBF;
					};
					27507BF22DA05EDD0001CFBF = {
						CreatedOnToolsVersion = 16.2;
						TestTargetID = 27507BD82DA05EDC0001CFBF;
					};
					27507C092DA061FF0001CFBF = {
						CreatedOnToolsVersion = 16.2;
					};
				};
			};
			buildConfigurationList = 27507BD42DA05EDC0001CFBF /* Build configuration list for PBXProject "waterintakeapp" */;
			developmentRegion = en;
			hasScannedForEncodings = 0;
			knownRegions = (
				en,
				Base,
			);
			mainGroup = 27507BD02DA05EDC0001CFBF;
			minimizedProjectReferenceProxies = 1;
			preferredProjectObjectVersion = 77;
			productRefGroup = 27507BDA2DA05EDC0001CFBF /* Products */;
			projectDirPath = "";
			projectRoot = "";
			targets = (
				27507BD82DA05EDC0001CFBF /* waterintakeapp */,
				27507BE82DA05EDD0001CFBF /* waterintakeappTests */,
				27507BF22DA05EDD0001CFBF /* waterintakeappUITests */,
				27507C092DA061FF0001CFBF /* Water widgetExtension */,
			);
		};
/* End PBXProject section */

/* Begin PBXResourcesBuildPhase section */
		27507BD72DA05EDC0001CFBF /* Resources */ = {
			isa = PBXResourcesBuildPhase;
			buildActionMask = 2147483647;
			files = (
			);
			runOnlyForDeploymentPostprocessing = 0;
		};
		27507BE72DA05EDD0001CFBF /* Resources */ = {
			isa = PBXResourcesBuildPhase;
			buildActionMask = 2147483647;
			files = (
			);
			runOnlyForDeploymentPostprocessing = 0;
		};
		27507BF12DA05EDD0001CFBF /* Resources */ = {
			isa = PBXResourcesBuildPhase;
			buildActionMask = 2147483647;
			files = (
			);
			runOnlyForDeploymentPostprocessing = 0;
		};
		27507C082DA061FF0001CFBF /* Resources */ = {
			isa = PBXResourcesBuildPhase;
			buildActionMask = 2147483647;
			files = (
			);
			runOnlyForDeploymentPostprocessing = 0;
		};
/* End PBXResourcesBuildPhase section */

/* Begin PBXSourcesBuildPhase section */
		27507BD52DA05EDC0001CFBF /* Sources */ = {
			isa = PBXSourcesBuildPhase;
			buildActionMask = 2147483647;
			files = (
			);
			runOnlyForDeploymentPostprocessing = 0;
		};
		27507BE52DA05EDD0001CFBF /* Sources */ = {
			isa = PBXSourcesBuildPhase;
			buildActionMask = 2147483647;
			files = (
			);
			runOnlyForDeploymentPostprocessing = 0;
		};
		27507BEF2DA05EDD0001CFBF /* Sources */ = {
			isa = PBXSourcesBuildPhase;
			buildActionMask = 2147483647;
			files = (
			);
			runOnlyForDeploymentPostprocessing = 0;
		};
		27507C062DA061FF0001CFBF /* Sources */ = {
			isa = PBXSourcesBuildPhase;
			buildActionMask = 2147483647;
			files = (
			);
			runOnlyForDeploymentPostprocessing = 0;
		};
/* End PBXSourcesBuildPhase section */

/* Begin PBXTargetDependency section */
		27507BEB2DA05EDD0001CFBF /* PBXTargetDependency */ = {
			isa = PBXTargetDependency;
			target = 27507BD82DA05EDC0001CFBF /* waterintakeapp */;
			targetProxy = 27507BEA2DA05EDD0001CFBF /* PBXContainerItemProxy */;
		};
		27507BF52DA05EDD0001CFBF /* PBXTargetDependency */ = {
			isa = PBXTargetDependency;
			target = 27507BD82DA05EDC0001CFBF /* waterintakeapp */;
			targetProxy = 27507BF42DA05EDD0001CFBF /* PBXContainerItemProxy */;
		};
		27507C1F2DA062000001CFBF /* PBXTargetDependency */ = {
			isa = PBXTargetDependency;
			target = 27507C092DA061FF0001CFBF /* Water widgetExtension */;
			targetProxy = 27507C1E2DA062000001CFBF /* PBXContainerItemProxy */;
		};
/* End PBXTargetDependency section */

/* Begin XCBuildConfiguration section */
		27507BFB2DA05EDD0001CFBF /* Debug */ = {
			isa = XCBuildConfiguration;
			buildSettings = {
				ALWAYS_SEARCH_USER_PATHS = NO;
				ASSETCATALOG_COMPILER_GENERATE_SWIFT_ASSET_SYMBOL_EXTENSIONS = YES;
				CLANG_ANALYZER_NONNULL = YES;
				CLANG_ANALYZER_NUMBER_OBJECT_CONVERSION = YES_AGGRESSIVE;
				CLANG_CXX_LANGUAGE_STANDARD = "gnu++20";
				CLANG_ENABLE_MODULES = YES;
				CLANG_ENABLE_OBJC_ARC = YES;
				CLANG_ENABLE_OBJC_WEAK = YES;
				CLANG_WARN_BLOCK_CAPTURE_AUTORELEASING = YES;
				CLANG_WARN_BOOL_CONVERSION = YES;
				CLANG_WARN_COMMA = YES;
				CLANG_WARN_CONSTANT_CONVERSION = YES;
				CLANG_WARN_DEPRECATED_OBJC_IMPLEMENTATIONS = YES;
				CLANG_WARN_DIRECT_OBJC_ISA_USAGE = YES_ERROR;
				CLANG_WARN_DOCUMENTATION_COMMENTS = YES;
				CLANG_WARN_EMPTY_BODY = YES;
				CLANG_WARN_ENUM_CONVERSION = YES;
				CLANG_WARN_INFINITE_RECURSION = YES;
				CLANG_WARN_INT_CONVERSION = YES;
				CLANG_WARN_NON_LITERAL_NULL_CONVERSION = YES;
				CLANG_WARN_OBJC_IMPLICIT_RETAIN_SELF = YES;
				CLANG_WARN_OBJC_LITERAL_CONVERSION = YES;
				CLANG_WARN_OBJC_ROOT_CLASS = YES_ERROR;
				CLANG_WARN_QUOTED_INCLUDE_IN_FRAMEWORK_HEADER = YES;
				CLANG_WARN_RANGE_LOOP_ANALYSIS = YES;
				CLANG_WARN_STRICT_PROTOTYPES = YES;
				CLANG_WARN_SUSPICIOUS_MOVE = YES;
				CLANG_WARN_UNGUARDED_AVAILABILITY = YES_AGGRESSIVE;
				CLANG_WARN_UNREACHABLE_CODE = YES;
				CLANG_WARN__DUPLICATE_METHOD_MATCH = YES;
				COPY_PHASE_STRIP = NO;
				DEBUG_INFORMATION_FORMAT = dwarf;
				ENABLE_STRICT_OBJC_MSGSEND = YES;
				ENABLE_TESTABILITY = YES;
				ENABLE_USER_SCRIPT_SANDBOXING = YES;
				GCC_C_LANGUAGE_STANDARD = gnu17;
				GCC_DYNAMIC_NO_PIC = NO;
				GCC_NO_COMMON_BLOCKS = YES;
				GCC_OPTIMIZATION_LEVEL = 0;
				GCC_PREPROCESSOR_DEFINITIONS = (
					"DEBUG=1",
					"$(inherited)",
				);
				GCC_WARN_64_TO_32_BIT_CONVERSION = YES;
				GCC_WARN_ABOUT_RETURN_TYPE = YES_ERROR;
				GCC_WARN_UNDECLARED_SELECTOR = YES;
				GCC_WARN_UNINITIALIZED_AUTOS = YES_AGGRESSIVE;
				GCC_WARN_UNUSED_FUNCTION = YES;
				GCC_WARN_UNUSED_VARIABLE = YES;
				IPHONEOS_DEPLOYMENT_TARGET = 18.2;
				LOCALIZATION_PREFERS_STRING_CATALOGS = YES;
				MTL_ENABLE_DEBUG_INFO = INCLUDE_SOURCE;
				MTL_FAST_MATH = YES;
				ONLY_ACTIVE_ARCH = YES;
				SDKROOT = iphoneos;
				SWIFT_ACTIVE_COMPILATION_CONDITIONS = "DEBUG $(inherited)";
				SWIFT_OPTIMIZATION_LEVEL = "-Onone";
			};
			name = Debug;
		};
		27507BFC2DA05EDD0001CFBF /* Release */ = {
			isa = XCBuildConfiguration;
			buildSettings = {
				ALWAYS_SEARCH_USER_PATHS = NO;
				ASSETCATALOG_COMPILER_GENERATE_SWIFT_ASSET_SYMBOL_EXTENSIONS = YES;
				CLANG_ANALYZER_NONNULL = YES;
				CLANG_ANALYZER_NUMBER_OBJECT_CONVERSION = YES_AGGRESSIVE;
				CLANG_CXX_LANGUAGE_STANDARD = "gnu++20";
				CLANG_ENABLE_MODULES = YES;
				CLANG_ENABLE_OBJC_ARC = YES;
				CLANG_ENABLE_OBJC_WEAK = YES;
				CLANG_WARN_BLOCK_CAPTURE_AUTORELEASING = YES;
				CLANG_WARN_BOOL_CONVERSION = YES;
				CLANG_WARN_COMMA = YES;
				CLANG_WARN_CONSTANT_CONVERSION = YES;
				CLANG_WARN_DEPRECATED_OBJC_IMPLEMENTATIONS = YES;
				CLANG_WARN_DIRECT_OBJC_ISA_USAGE = YES_ERROR;
				CLANG_WARN_DOCUMENTATION_COMMENTS = YES;
				CLANG_WARN_EMPTY_BODY = YES;
				CLANG_WARN_ENUM_CONVERSION = YES;
				CLANG_WARN_INFINITE_RECURSION = YES;
				CLANG_WARN_INT_CONVERSION = YES;
				CLANG_WARN_NON_LITERAL_NULL_CONVERSION = YES;
				CLANG_WARN_OBJC_IMPLICIT_RETAIN_SELF = YES;
				CLANG_WARN_OBJC_LITERAL_CONVERSION = YES;
				CLANG_WARN_OBJC_ROOT_CLASS = YES_ERROR;
				CLANG_WARN_QUOTED_INCLUDE_IN_FRAMEWORK_HEADER = YES;
				CLANG_WARN_RANGE_LOOP_ANALYSIS = YES;
				CLANG_WARN_STRICT_PROTOTYPES = YES;
				CLANG_WARN_SUSPICIOUS_MOVE = YES;
				CLANG_WARN_UNGUARDED_AVAILABILITY = YES_AGGRESSIVE;
				CLANG_WARN_UNREACHABLE_CODE = YES;
				CLANG_WARN__DUPLICATE_METHOD_MATCH = YES;
				COPY_PHASE_STRIP = NO;
				DEBUG_INFORMATION_FORMAT = "dwarf-with-dsym";
				ENABLE_NS_ASSERTIONS = NO;
				ENABLE_STRICT_OBJC_MSGSEND = YES;
				ENABLE_USER_SCRIPT_SANDBOXING = YES;
				GCC_C_LANGUAGE_STANDARD = gnu17;
				GCC_NO_COMMON_BLOCKS = YES;
				GCC_WARN_64_TO_32_BIT_CONVERSION = YES;
				GCC_WARN_ABOUT_RETURN_TYPE = YES_ERROR;
				GCC_WARN_UNDECLARED_SELECTOR = YES;
				GCC_WARN_UNINITIALIZED_AUTOS = YES_AGGRESSIVE;
				GCC_WARN_UNUSED_FUNCTION = YES;
				GCC_WARN_UNUSED_VARIABLE = YES;
				IPHONEOS_DEPLOYMENT_TARGET = 18.2;
				LOCALIZATION_PREFERS_STRING_CATALOGS = YES;
				MTL_ENABLE_DEBUG_INFO = NO;
				MTL_FAST_MATH = YES;
				SDKROOT = iphoneos;
				SWIFT_COMPILATION_MODE = wholemodule;
				VALIDATE_PRODUCT = YES;
			};
			name = Release;
		};
		27507BFE2DA05EDD0001CFBF /* Debug */ = {
			isa = XCBuildConfiguration;
			buildSettings = {
				ASSETCATALOG_COMPILER_APPICON_NAME = AppIcon;
				ASSETCATALOG_COMPILER_GLOBAL_ACCENT_COLOR_NAME = AccentColor;
				CODE_SIGN_STYLE = Automatic;
				CURRENT_PROJECT_VERSION = 1;
				DEVELOPMENT_ASSET_PATHS = "\"waterintakeapp/Preview Content\"";
				DEVELOPMENT_TEAM = T8WG2SQJ6L;
				ENABLE_PREVIEWS = YES;
				GENERATE_INFOPLIST_FILE = YES;
				INFOPLIST_KEY_UIApplicationSceneManifest_Generation = YES;
				INFOPLIST_KEY_UIApplicationSupportsIndirectInputEvents = YES;
				INFOPLIST_KEY_UILaunchScreen_Generation = YES;
				INFOPLIST_KEY_UISupportedInterfaceOrientations_iPad = "UIInterfaceOrientationPortrait UIInterfaceOrientationPortraitUpsideDown UIInterfaceOrientationLandscapeLeft UIInterfaceOrientationLandscapeRight";
				INFOPLIST_KEY_UISupportedInterfaceOrientations_iPhone = "UIInterfaceOrientationPortrait UIInterfaceOrientationLandscapeLeft UIInterfaceOrientationLandscapeRight";
				LD_RUNPATH_SEARCH_PATHS = (
					"$(inherited)",
					"@executable_path/Frameworks",
				);
				MARKETING_VERSION = 1.0;
				PRODUCT_BUNDLE_IDENTIFIER = Matin.waterintakeapp;
				PRODUCT_NAME = "$(TARGET_NAME)";
				SWIFT_EMIT_LOC_STRINGS = YES;
				SWIFT_VERSION = 5.0;
				TARGETED_DEVICE_FAMILY = "1,2";
			};
			name = Debug;
		};
		27507BFF2DA05EDD0001CFBF /* Release */ = {
			isa = XCBuildConfiguration;
			buildSettings = {
				ASSETCATALOG_COMPILER_APPICON_NAME = AppIcon;
				ASSETCATALOG_COMPILER_GLOBAL_ACCENT_COLOR_NAME = AccentColor;
				CODE_SIGN_STYLE = Automatic;
				CURRENT_PROJECT_VERSION = 1;
				DEVELOPMENT_ASSET_PATHS = "\"waterintakeapp/Preview Content\"";
				DEVELOPMENT_TEAM = T8WG2SQJ6L;
				ENABLE_PREVIEWS = YES;
				GENERATE_INFOPLIST_FILE = YES;
				INFOPLIST_KEY_UIApplicationSceneManifest_Generation = YES;
				INFOPLIST_KEY_UIApplicationSupportsIndirectInputEvents = YES;
				INFOPLIST_KEY_UILaunchScreen_Generation = YES;
				INFOPLIST_KEY_UISupportedInterfaceOrientations_iPad = "UIInterfaceOrientationPortrait UIInterfaceOrientationPortraitUpsideDown UIInterfaceOrientationLandscapeLeft UIInterfaceOrientationLandscapeRight";
				INFOPLIST_KEY_UISupportedInterfaceOrientations_iPhone = "UIInterfaceOrientationPortrait UIInterfaceOrientationLandscapeLeft UIInterfaceOrientationLandscapeRight";
				LD_RUNPATH_SEARCH_PATHS = (
					"$(inherited)",
					"@executable_path/Frameworks",
				);
				MARKETING_VERSION = 1.0;
				PRODUCT_BUNDLE_IDENTIFIER = Matin.waterintakeapp;
				PRODUCT_NAME = "$(TARGET_NAME)";
				SWIFT_EMIT_LOC_STRINGS = YES;
				SWIFT_VERSION = 5.0;
				TARGETED_DEVICE_FAMILY = "1,2";
			};
			name = Release;
		};
		27507C012DA05EDD0001CFBF /* Debug */ = {
			isa = XCBuildConfiguration;
			buildSettings = {
				BUNDLE_LOADER = "$(TEST_HOST)";
				CODE_SIGN_STYLE = Automatic;
				CURRENT_PROJECT_VERSION = 1;
				DEVELOPMENT_TEAM = T8WG2SQJ6L;
				GENERATE_INFOPLIST_FILE = YES;
				IPHONEOS_DEPLOYMENT_TARGET = 18.2;
				MARKETING_VERSION = 1.0;
				PRODUCT_BUNDLE_IDENTIFIER = Matin.waterintakeappTests;
				PRODUCT_NAME = "$(TARGET_NAME)";
				SWIFT_EMIT_LOC_STRINGS = NO;
				SWIFT_VERSION = 5.0;
				TARGETED_DEVICE_FAMILY = "1,2";
				TEST_HOST = "$(BUILT_PRODUCTS_DIR)/waterintakeapp.app/$(BUNDLE_EXECUTABLE_FOLDER_PATH)/waterintakeapp";
			};
			name = Debug;
		};
		27507C022DA05EDD0001CFBF /* Release */ = {
			isa = XCBuildConfiguration;
			buildSettings = {
				BUNDLE_LOADER = "$(TEST_HOST)";
				CODE_SIGN_STYLE = Automatic;
				CURRENT_PROJECT_VERSION = 1;
				DEVELOPMENT_TEAM = T8WG2SQJ6L;
				GENERATE_INFOPLIST_FILE = YES;
				IPHONEOS_DEPLOYMENT_TARGET = 18.2;
				MARKETING_VERSION = 1.0;
				PRODUCT_BUNDLE_IDENTIFIER = Matin.waterintakeappTests;
				PRODUCT_NAME = "$(TARGET_NAME)";
				SWIFT_EMIT_LOC_STRINGS = NO;
				SWIFT_VERSION = 5.0;
				TARGETED_DEVICE_FAMILY = "1,2";
				TEST_HOST = "$(BUILT_PRODUCTS_DIR)/waterintakeapp.app/$(BUNDLE_EXECUTABLE_FOLDER_PATH)/waterintakeapp";
			};
			name = Release;
		};
		27507C042DA05EDD0001CFBF /* Debug */ = {
			isa = XCBuildConfiguration;
			buildSettings = {
				CODE_SIGN_STYLE = Automatic;
				CURRENT_PROJECT_VERSION = 1;
				DEVELOPMENT_TEAM = T8WG2SQJ6L;
				GENERATE_INFOPLIST_FILE = YES;
				MARKETING_VERSION = 1.0;
				PRODUCT_BUNDLE_IDENTIFIER = Matin.waterintakeappUITests;
				PRODUCT_NAME = "$(TARGET_NAME)";
				SWIFT_EMIT_LOC_STRINGS = NO;
				SWIFT_VERSION = 5.0;
				TARGETED_DEVICE_FAMILY = "1,2";
				TEST_TARGET_NAME = waterintakeapp;
			};
			name = Debug;
		};
		27507C052DA05EDD0001CFBF /* Release */ = {
			isa = XCBuildConfiguration;
			buildSettings = {
				CODE_SIGN_STYLE = Automatic;
				CURRENT_PROJECT_VERSION = 1;
				DEVELOPMENT_TEAM = T8WG2SQJ6L;
				GENERATE_INFOPLIST_FILE = YES;
				MARKETING_VERSION = 1.0;
				PRODUCT_BUNDLE_IDENTIFIER = Matin.waterintakeappUITests;
				PRODUCT_NAME = "$(TARGET_NAME)";
				SWIFT_EMIT_LOC_STRINGS = NO;
				SWIFT_VERSION = 5.0;
				TARGETED_DEVICE_FAMILY = "1,2";
				TEST_TARGET_NAME = waterintakeapp;
			};
			name = Release;
		};
		27507C232DA062000001CFBF /* Debug */ = {
			isa = XCBuildConfiguration;
			buildSettings = {
				ASSETCATALOG_COMPILER_GLOBAL_ACCENT_COLOR_NAME = AccentColor;
				ASSETCATALOG_COMPILER_WIDGET_BACKGROUND_COLOR_NAME = WidgetBackground;
				CODE_SIGN_STYLE = Automatic;
				CURRENT_PROJECT_VERSION = 1;
				DEVELOPMENT_TEAM = T8WG2SQJ6L;
				GENERATE_INFOPLIST_FILE = YES;
				INFOPLIST_FILE = "Water widget/Info.plist";
				INFOPLIST_KEY_CFBundleDisplayName = "Water widget";
				INFOPLIST_KEY_NSHumanReadableCopyright = "";
				LD_RUNPATH_SEARCH_PATHS = (
					"$(inherited)",
					"@executable_path/Frameworks",
					"@executable_path/../../Frameworks",
				);
				MARKETING_VERSION = 1.0;
				PRODUCT_BUNDLE_IDENTIFIER = "Matin.waterintakeapp.Water-widget";
				PRODUCT_NAME = "$(TARGET_NAME)";
				SKIP_INSTALL = YES;
				SWIFT_EMIT_LOC_STRINGS = YES;
				SWIFT_VERSION = 5.0;
				TARGETED_DEVICE_FAMILY = "1,2";
			};
			name = Debug;
		};
		27507C242DA062000001CFBF /* Release */ = {
			isa = XCBuildConfiguration;
			buildSettings = {
				ASSETCATALOG_COMPILER_GLOBAL_ACCENT_COLOR_NAME = AccentColor;
				ASSETCATALOG_COMPILER_WIDGET_BACKGROUND_COLOR_NAME = WidgetBackground;
				CODE_SIGN_STYLE = Automatic;
				CURRENT_PROJECT_VERSION = 1;
				DEVELOPMENT_TEAM = T8WG2SQJ6L;
				GENERATE_INFOPLIST_FILE = YES;
				INFOPLIST_FILE = "Water widget/Info.plist";
				INFOPLIST_KEY_CFBundleDisplayName = "Water widget";
				INFOPLIST_KEY_NSHumanReadableCopyright = "";
				LD_RUNPATH_SEARCH_PATHS = (
					"$(inherited)",
					"@executable_path/Frameworks",
					"@executable_path/../../Frameworks",
				);
				MARKETING_VERSION = 1.0;
				PRODUCT_BUNDLE_IDENTIFIER = "Matin.waterintakeapp.Water-widget";
				PRODUCT_NAME = "$(TARGET_NAME)";
				SKIP_INSTALL = YES;
				SWIFT_EMIT_LOC_STRINGS = YES;
				SWIFT_VERSION = 5.0;
				TARGETED_DEVICE_FAMILY = "1,2";
			};
			name = Release;
		};
/* End XCBuildConfiguration section */

/* Begin XCConfigurationList section */
		27507BD42DA05EDC0001CFBF /* Build configuration list for PBXProject "waterintakeapp" */ = {
			isa = XCConfigurationList;
			buildConfigurations = (
				27507BFB2DA05EDD0001CFBF /* Debug */,
				27507BFC2DA05EDD0001CFBF /* Release */,
			);
			defaultConfigurationIsVisible = 0;
			defaultConfigurationName = Release;
		};
		27507BFD2DA05EDD0001CFBF /* Build configuration list for PBXNativeTarget "waterintakeapp" */ = {
			isa = XCConfigurationList;
			buildConfigurations = (
				27507BFE2DA05EDD0001CFBF /* Debug */,
				27507BFF2DA05EDD0001CFBF /* Release */,
			);
			defaultConfigurationIsVisible = 0;
			defaultConfigurationName = Release;
		};
		27507C002DA05EDD0001CFBF /* Build configuration list for PBXNativeTarget "waterintakeappTests" */ = {
			isa = XCConfigurationList;
			buildConfigurations = (
				27507C012DA05EDD0001CFBF /* Debug */,
				27507C022DA05EDD0001CFBF /* Release */,
			);
			defaultConfigurationIsVisible = 0;
			defaultConfigurationName = Release;
		};
		27507C032DA05EDD0001CFBF /* Build configuration list for PBXNativeTarget "waterintakeappUITests" */ = {
			isa = XCConfigurationList;
			buildConfigurations = (
				27507C042DA05EDD0001CFBF /* Debug */,
				27507C052DA05EDD0001CFBF /* Release */,
			);
			defaultConfigurationIsVisible = 0;
			defaultConfigurationName = Release;
		};
		27507C222DA062000001CFBF /* Build configuration list for PBXNativeTarget "Water widgetExtension" */ = {
			isa = XCConfigurationList;
			buildConfigurations = (
				27507C232DA062000001CFBF /* Debug */,
				27507C242DA062000001CFBF /* Release */,
			);
			defaultConfigurationIsVisible = 0;
			defaultConfigurationName = Release;
		};
/* End XCConfigurationList section */
	};
	rootObject = 27507BD12DA05EDC0001CFBF /* Project object */;
}
